
Microsoft Visual Studio Solution File, Format Version 12.00
# Visual Studio Version 17
VisualStudioVersion = 17.5.33530.505
MinimumVisualStudioVersion = 10.0.40219.1
Project("{FAE04EC0-301F-11D3-BF4B-00C04F79EFBC}") = "Task Manager", "Task Manager\Task Manager.csproj", "{7C20DC97-C079-49FA-A36D-FB666163FD5F}"
EndProject
Global
	GlobalSection(SolutionConfigurationPlatforms) = preSolution
		Debug|Any CPU = Debug|Any CPU
		Release|Any CPU = Release|Any CPU
	EndGlobalSection
	GlobalSection(ProjectConfigurationPlatforms) = postSolution
		{7C20DC97-C079-49FA-A36D-FB666163FD5F}.Debug|Any CPU.ActiveCfg = Debug|Any CPU
		{7C20DC97-C079-49FA-A36D-FB666163FD5F}.Debug|Any CPU.Build.0 = Debug|Any CPU
		{7C20DC97-C079-49FA-A36D-FB666163FD5F}.Release|Any CPU.ActiveCfg = Release|Any CPU
		{7C20DC97-C079-49FA-A36D-FB666163FD5F}.Release|Any CPU.Build.0 = Release|Any CPU
	EndGlobalSection
	GlobalSection(SolutionProperties) = preSolution
		HideSolutionNode = FALSE
	EndGlobalSection
	GlobalSection(ExtensibilityGlobals) = postSolution
		SolutionGuid = {DDFDB664-D01E-48C1-B78D-B745174F96FD}
	EndGlobalSection
EndGlobal
